
Microsoft Visual Studio Solution File, Format Version 12.00
# Visual Studio Version 16
VisualStudioVersion = 16.0.31624.102
MinimumVisualStudioVersion = 10.0.40219.1
Project("{9A19103F-16F7-4668-BE54-9A1E7A4F7556}") = "ProductCatalog.Api", "ProductCatalog.Api\ProductCatalog.Api.csproj", "{8300DD8E-55C4-458D-B136-FF05586AE4B7}"
EndProject
Project("{FAE04EC0-301F-11D3-BF4B-00C04F79EFBC}") = "ProductCatalog.Api.Tests", "ProductCatalog.Api.Tests\ProductCatalog.Api.Tests.csproj", "{991B5DA9-BF0B-4C02-B219-6E789911894F}"
EndProject
Global
	GlobalSection(SolutionConfigurationPlatforms) = preSolution
		Debug|Any CPU = Debug|Any CPU
		Release|Any CPU = Release|Any CPU
	EndGlobalSection
	GlobalSection(ProjectConfigurationPlatforms) = postSolution
		{8300DD8E-55C4-458D-B136-FF05586AE4B7}.Debug|Any CPU.ActiveCfg = Debug|Any CPU
		{8300DD8E-55C4-458D-B136-FF05586AE4B7}.Debug|Any CPU.Build.0 = Debug|Any CPU
		{8300DD8E-55C4-458D-B136-FF05586AE4B7}.Release|Any CPU.ActiveCfg = Release|Any CPU
		{8300DD8E-55C4-458D-B136-FF05586AE4B7}.Release|Any CPU.Build.0 = Release|Any CPU
		{991B5DA9-BF0B-4C02-B219-6E789911894F}.Debug|Any CPU.ActiveCfg = Debug|Any CPU
		{991B5DA9-BF0B-4C02-B219-6E789911894F}.Debug|Any CPU.Build.0 = Debug|Any CPU
		{991B5DA9-BF0B-4C02-B219-6E789911894F}.Release|Any CPU.ActiveCfg = Release|Any CPU
		{991B5DA9-BF0B-4C02-B219-6E789911894F}.Release|Any CPU.Build.0 = Release|Any CPU
	EndGlobalSection
	GlobalSection(SolutionProperties) = preSolution
		HideSolutionNode = FALSE
	EndGlobalSection
	GlobalSection(ExtensibilityGlobals) = postSolution
		SolutionGuid = {A8BEFB55-3BCB-4EAE-AA52-648C5E774119}
	EndGlobalSection
EndGlobal
